
Microsoft Visual Studio Solution File, Format Version 12.00
# Visual Studio Version 17
VisualStudioVersion = 17.8.34408.163
MinimumVisualStudioVersion = 10.0.40219.1
Project("{FAE04EC0-301F-11D3-BF4B-00C04F79EFBC}") = "ConsoleApp1", "ConsoleApp1\ConsoleApp1.csproj", "{2EF90C6A-B40B-491D-8B62-7BE54D11EF16}"
EndProject
Global
	GlobalSection(SolutionConfigurationPlatforms) = preSolution
		Debug|Any CPU = Debug|Any CPU
		Release|Any CPU = Release|Any CPU
	EndGlobalSection
	GlobalSection(ProjectConfigurationPlatforms) = postSolution
		{2EF90C6A-B40B-491D-8B62-7BE54D11EF16}.Debug|Any CPU.ActiveCfg = Debug|Any CPU
		{2EF90C6A-B40B-491D-8B62-7BE54D11EF16}.Debug|Any CPU.Build.0 = Debug|Any CPU
		{2EF90C6A-B40B-491D-8B62-7BE54D11EF16}.Release|Any CPU.ActiveCfg = Release|Any CPU
		{2EF90C6A-B40B-491D-8B62-7BE54D11EF16}.Release|Any CPU.Build.0 = Release|Any CPU
	EndGlobalSection
	GlobalSection(SolutionProperties) = preSolution
		HideSolutionNode = FALSE
	EndGlobalSection
	GlobalSection(ExtensibilityGlobals) = postSolution
		SolutionGuid = {5080263E-E944-46F4-B549-5DCB9A80953A}
	EndGlobalSection
EndGlobal
